
Microsoft Visual Studio Solution File, Format Version 12.00
# Visual Studio Version 16
VisualStudioVersion = 16.0.32510.428
MinimumVisualStudioVersion = 10.0.40219.1
Project("{F184B08F-C81C-45F6-A57F-5ABD9991F28F}") = "FileMover", "FileMover.vbproj", "{38C66963-2AC5-4216-AD1A-CAC322DD495F}"
EndProject
Global
	GlobalSection(SolutionConfigurationPlatforms) = preSolution
		Debug|Any CPU = Debug|Any CPU
		Release|Any CPU = Release|Any CPU
	EndGlobalSection
	GlobalSection(ProjectConfigurationPlatforms) = postSolution
		{38C66963-2AC5-4216-AD1A-CAC322DD495F}.Debug|Any CPU.ActiveCfg = Debug|Any CPU
		{38C66963-2AC5-4216-AD1A-CAC322DD495F}.Debug|Any CPU.Build.0 = Debug|Any CPU
		{38C66963-2AC5-4216-AD1A-CAC322DD495F}.Release|Any CPU.ActiveCfg = Release|Any CPU
		{38C66963-2AC5-4216-AD1A-CAC322DD495F}.Release|Any CPU.Build.0 = Release|Any CPU
	EndGlobalSection
	GlobalSection(SolutionProperties) = preSolution
		HideSolutionNode = FALSE
	EndGlobalSection
	GlobalSection(ExtensibilityGlobals) = postSolution
		SolutionGuid = {ED222275-FE9A-4861-BE7C-66CAF9BAFBDC}
	EndGlobalSection
EndGlobal
